# This file is autogenerated, do not edit; changes may be undone by the next 'dep ensure'.


[[projects]]
  digest = "1:c64cf9c8010d23098d475f6434bdeb8f96dedeadf886a74e5dd3255b486d26a4"
  name = "github.com/aws/aws-lambda-go"
  packages = [
    "events",
    "lambda",
    "lambda/messages",
    "lambdacontext",
  ]
  pruneopts = ""
  revision = "e630af386f8aad6ec9fc899b951cf62d37cfe56f"
  version = "v1.4.0"

[[projects]]
  branch = "master"
  digest = "1:82545cbb700db71758d067b18fb1fac064ae6bf61fd7d0ece3db3fcf1581f854"
  name = "github.com/awslabs/aws-lambda-go-api-proxy"
  packages = [
    "core",
    "gin",
  ]
  pruneopts = ""
  revision = "3a4d35011e4a52d877a5fcb0aa494bbb4d20e27b"

[[projects]]
  digest = "1:2a7e5fec900c81706fdbbc095479c8c7fcc29c83feff18e266766bd8fe5dba52"
  name = "github.com/codegangsta/inject"
  packages = ["."]
  pruneopts = ""
  revision = "37d7f8432a3e684eef9b2edece76bdfa6ac85b39"
  version = "v1.0-rc1"

[[projects]]
  branch = "master"
  digest = "1:1120f960f5c334f0f94bad29eefaf73d52d226893369693686148f66c1993f15"
  name = "github.com/gin-contrib/sse"
  packages = ["."]
  pruneopts = ""
  revision = "22d885f9ecc78bf4ee5d72b937e4bbcdc58e8cae"

[[projects]]
  digest = "1:348ceb76f2ac958e541e4ba3190484b68df28c38ac9720ed4ef8d36af69ce52e"
  name = "github.com/gin-gonic/gin"
  packages = [
    ".",
    "binding",
    "render",
  ]
  pruneopts = ""
  revision = "d459835d2b077e44f7c9b453505ee29881d5d12d"
  version = "v1.2"

[[projects]]
  digest = "1:a6cdfb0c4a4d3e0893e52d305685fff4c79b9199dcbf8f29b11218a0da761b70"
  name = "github.com/go-redis/redis"
  packages = [
    ".",
    "internal",
    "internal/consistenthash",
    "internal/hashtag",
    "internal/pool",
    "internal/proto",
    "internal/singleflight",
    "internal/util",
  ]
  pruneopts = ""
  revision = "480db94d33e6088e08d628833b6c0705451d24bb"
  version = "v6.13.2"

[[projects]]
  branch = "master"
  digest = "1:fdc467859d5904a689111e839e9d825ad05384c92a12052d9a558b1178ad75a8"
  name = "github.com/go2s/o2m"
  packages = ["."]
  pruneopts = ""
  revision = "c6d3d148cd18cea441744b68060afeea7ed5683d"

[[projects]]
  branch = "master"
  digest = "1:a1cc580235f5ed9eba71019b16fe6f3b63d86ac587bd29a0a9c90a83ffc53f12"
  name = "github.com/go2s/o2r"
  packages = ["."]
  pruneopts = ""
  revision = "f646a01481f5ce3cc66e4d9f3cdcb0a12a9f5cc6"

[[projects]]
  branch = "master"
  digest = "1:c1fbc7aae5cd68c8e74162c1d4e542625508f8e370e717fb235593c78fd7e49d"
  name = "github.com/go2s/o2x"
  packages = ["."]
  pruneopts = ""
  revision = "c8c73af6966313b1f0555ae51595f9f2cbc3c28e"

[[projects]]
  branch = "master"
  digest = "1:107b233e45174dbab5b1324201d092ea9448e58243ab9f039e4c0f332e121e3a"
  name = "github.com/golang/glog"
  packages = ["."]
  pruneopts = ""
  revision = "23def4e6c14b4da8ac2ed8007337bc5eb5007998"

[[projects]]
  digest = "1:f958a1c137db276e52f0b50efee41a1a389dcdded59a69711f3e872757dab34b"
  name = "github.com/golang/protobuf"
  packages = ["proto"]
  pruneopts = ""
  revision = "b4deda0973fb4c70b50d226b1af49f3da59f5265"
  version = "v1.1.0"

[[projects]]
  digest = "1:b79fc583e4dc7055ed86742e22164ac41bf8c0940722dbcb600f1a3ace1a8cb5"
  name = "github.com/json-iterator/go"
  packages = ["."]
  pruneopts = ""
  revision = "1624edc4454b8682399def8740d46db5e4362ba4"
  version = "1.1.5"

[[projects]]
  digest = "1:78229b46ddb7434f881390029bd1af7661294af31f6802e0e1bedaad4ab0af3c"
  name = "github.com/mattn/go-isatty"
  packages = ["."]
  pruneopts = ""
  revision = "0360b2af4f38e8d38c7fce2a9f4e702702d73a39"
  version = "v0.0.3"

[[projects]]
  digest = "1:0c0ff2a89c1bb0d01887e1dac043ad7efbf3ec77482ef058ac423d13497e16fd"
  name = "github.com/modern-go/concurrent"
  packages = ["."]
  pruneopts = ""
  revision = "bacd9c7ef1dd9b15be4a9909b8ac7a4e313eec94"
  version = "1.0.3"

[[projects]]
  digest = "1:e32bdbdb7c377a07a9a46378290059822efdce5c8d96fe71940d87cb4f918855"
  name = "github.com/modern-go/reflect2"
  packages = ["."]
  pruneopts = ""
  revision = "4b7aa43c6742a2c18fdef89dd197aaae7dac7ccd"
  version = "1.0.1"

[[projects]]
  digest = "1:4c0404dc03d974acd5fcd8b8d3ce687b13bd169db032b89275e8b9d77b98ce8c"
  name = "github.com/patrickmn/go-cache"
  packages = ["."]
  pruneopts = ""
  revision = "a3647f8e31d79543b2d0f0ae2fe5c379d72cedc0"
  version = "v2.1.0"

[[projects]]
  digest = "1:d4fec58ef1540ef89350bf22c25e013a9f9f57de12180d9067a1e25a5925d99b"
  name = "github.com/satori/go.uuid"
  packages = ["."]
  pruneopts = ""
  revision = "36e9d2ebbde5e3f13ab2e25625fd453271d6522e"

[[projects]]
  branch = "master"
  digest = "1:b28f2f9253cbb1bf2bcb3c0ab7421d2f88a245386199a6668b0a66eb09ce3e1f"
  name = "github.com/tidwall/btree"
  packages = ["."]
  pruneopts = ""
  revision = "9876f1454cf0993a53d74c27196993e345f50dd1"

[[projects]]
  digest = "1:18342f164260096848ceff7c53cf797dbc1556d8161ad51cfc22281916209a5a"
  name = "github.com/tidwall/buntdb"
  packages = ["."]
  pruneopts = ""
  revision = "2da7c106683f522198cdf55ed8db42b374de50d7"
  version = "v1.0.0"

[[projects]]
  digest = "1:3ddca2bd5496c6922a2a9e636530e178a43c2a534ea6634211acdc7d10222794"
  name = "github.com/tidwall/gjson"
  packages = ["."]
  pruneopts = ""
  revision = "1e3f6aeaa5bad08d777ea7807b279a07885dd8b2"
  version = "v1.1.3"

[[projects]]
  branch = "master"
  digest = "1:bf59f997bab72b8ecd044aed35d706edb6abd6128afe0502c94398b2374f1f3f"
  name = "github.com/tidwall/grect"
  packages = ["."]
  pruneopts = ""
  revision = "ba9a043346eba55344e40d66a5e74cfda3a9d293"

[[projects]]
  branch = "master"
  digest = "1:4db4f92bb9cb04cfc4fccb36aba2598b02a988008c4cc0692b241214ad8ac96e"
  name = "github.com/tidwall/match"
  packages = ["."]
  pruneopts = ""
  revision = "1731857f09b1f38450e2c12409748407822dc6be"

[[projects]]
  branch = "master"
  digest = "1:5d9d865e55b95f001e52a7f5d1f812e8a80f0f05d5b04ede006f24206ebba33c"
  name = "github.com/tidwall/rtree"
  packages = [
    ".",
    "base",
  ]
  pruneopts = ""
  revision = "6cd427091e0e662cb4f8e2c9eb1a41e1c46ff0d3"

[[projects]]
  branch = "master"
  digest = "1:9d6562efe571b54b2ec08ed598e4ba08d77b966dc2103a4300ae0cd0286dd6c3"
  name = "github.com/tidwall/tinyqueue"
  packages = ["."]
  pruneopts = ""
  revision = "1e39f55115634cad2c504631c8bfcc292f2c9c55"

[[projects]]
  digest = "1:2e7f653483e51243b6cd6de60ce39bde0d6927d10a3c24295ab0f82cb1efeae2"
  name = "github.com/ugorji/go"
  packages = ["codec"]
  pruneopts = ""
  revision = "b4c50a2b199d93b13dc15e78929cfb23bfdf21ab"
  version = "v1.1.1"

[[projects]]
  branch = "master"
  digest = "1:4cae11053a5fc8e7b08228fcc14d161d3e60b64ba508a8b216937da472690991"
  name = "golang.org/x/crypto"
  packages = [
    "pbkdf2",
    "scrypt",
  ]
  pruneopts = ""
  revision = "de0752318171da717af4ce24d0a2e8626afaeb11"

[[projects]]
  branch = "master"
  digest = "1:072dfe8c89af9499e94ba8174a3be40d1c217bc814662e57dda354e8fb47fac9"
  name = "golang.org/x/sys"
  packages = ["unix"]
  pruneopts = ""
  revision = "98c5dad5d1a0e8a73845ecc8897d0bd56586511d"

[[projects]]
  digest = "1:dd549e360e5a8f982a28c2bcbe667307ceffe538ed9afc7c965524f1ac285b3f"
  name = "gopkg.in/go-playground/validator.v8"
  packages = ["."]
  pruneopts = ""
  revision = "5f1438d3fca68893a817e4a66806cea46a9e4ebf"
  version = "v8.18.2"

[[projects]]
  digest = "1:1ea11cc063a6a760269d2eb581769307462920a647e4726224eea1d6604dafa0"
  name = "gopkg.in/go-session/redis.v1"
  packages = ["."]
  pruneopts = ""
  revision = "0eb5e718bdc4b845770588545880fe07a7d05981"
  version = "v1.4.1"

[[projects]]
  branch = "v2"
  digest = "1:f54ba71a035aac92ced3e902d2bff3734a15d1891daff73ec0f90ef236750139"
  name = "gopkg.in/mgo.v2"
  packages = [
    ".",
    "bson",
    "internal/json",
    "internal/sasl",
    "internal/scram",
  ]
  pruneopts = ""
  revision = "9856a29383ce1c59f308dd1cf0363a79b5bef6b5"

[[projects]]
  digest = "1:2fab777c779429b5c11894424308fdab4c3e30bd8701fb5d8e84827f6002f0df"
  name = "gopkg.in/oauth2.v3"
  packages = [
    ".",
    "errors",
    "generates",
    "manage",
    "models",
    "server",
    "store",
  ]
  pruneopts = ""
  revision = "196a0236d070cac5c2db1fd5cef194ffcf81f676"
  version = "v3.8.5"

[[projects]]
  digest = "1:3fa8ce57254220938dbf291ab7fb88b95380a9f84718a86e56fb2e211d9f90e7"
  name = "gopkg.in/session.v2"
  packages = ["."]
  pruneopts = ""
  revision = "a076b7f2e931c01317ce4dee80ff90497a14f2e5"
  version = "v2.4.0"

[[projects]]
  digest = "1:f0620375dd1f6251d9973b5f2596228cc8042e887cd7f827e4220bc1ce8c30e2"
  name = "gopkg.in/yaml.v2"
  packages = ["."]
  pruneopts = ""
  revision = "5420a8b6744d3b0345ab293f6fcba19c978f1183"
  version = "v2.2.1"

[solve-meta]
  analyzer-name = "dep"
  analyzer-version = 1
  input-imports = [
    "github.com/aws/aws-lambda-go/events",
    "github.com/aws/aws-lambda-go/lambda",
    "github.com/awslabs/aws-lambda-go-api-proxy/gin",
    "github.com/gin-gonic/gin",
    "github.com/go-redis/redis",
    "github.com/go2s/o2m",
    "github.com/go2s/o2r",
    "github.com/go2s/o2x",
    "github.com/golang/glog",
    "gopkg.in/go-session/redis.v1",
    "gopkg.in/mgo.v2",
    "gopkg.in/oauth2.v3",
    "gopkg.in/oauth2.v3/errors",
    "gopkg.in/oauth2.v3/manage",
    "gopkg.in/oauth2.v3/server",
    "gopkg.in/oauth2.v3/store",
    "gopkg.in/session.v2",
  ]
  solver-name = "gps-cdcl"
  solver-version = 1
